PODS:
  - DATAFilter (0.9.1):
    - DATAObjectIDs (~> 0.5.1)
  - DATAObjectIDs (0.5.1)
  - DATAStack (4.0.3):
    - TestCheck (~> 0.3.0)
  - TestCheck (0.3.0)

DEPENDENCIES:
  - DATAFilter (from `.`)
  - DATAStack

EXTERNAL SOURCES:
  DATAFilter:
    :path: "."

SPEC CHECKSUMS:
  DATAFilter: 4a1bdc065847e19d9fa1c9dd92ed2d85847967a1
  DATAObjectIDs: 33db74dd1c858c2d22a45a4013c95f1082182e4e
  DATAStack: 8622b05a7cc1dade21e105d20fdd9f8fbe63944d
  TestCheck: 42c1343664986c0cbfaa20a62622d6f6fb70a407

COCOAPODS: 0.39.0
