// !$*UTF8*$!
{
	archiveVersion = 1;
	classes = {
	};
	objectVersion = 46;
	objects = {

/* Begin PBXBuildFile section */
		144CDE2D1D47C48900C035E5 /* Model.xcdatamodeld in Sources */ = {isa = PBXBuildFile; fileRef = 144CDE251D47C48900C035E5 /* Model.xcdatamodeld */; };
		144CDE2E1D47C48900C035E5 /* note.json in Resources */ = {isa = PBXBuildFile; fileRef = 144CDE271D47C48900C035E5 /* note.json */; };
		144CDE301D47C48900C035E5 /* simple.json in Resources */ = {isa = PBXBuildFile; fileRef = 144CDE291D47C48900C035E5 /* simple.json */; };
		144CDE311D47C48900C035E5 /* users.json in Resources */ = {isa = PBXBuildFile; fileRef = 144CDE2A1D47C48900C035E5 /* users.json */; };
		144CDE321D47C48900C035E5 /* users2.json in Resources */ = {isa = PBXBuildFile; fileRef = 144CDE2B1D47C48900C035E5 /* users2.json */; };
		144CDE331D47C48900C035E5 /* users3.json in Resources */ = {isa = PBXBuildFile; fileRef = 144CDE2C1D47C48900C035E5 /* users3.json */; };
		1466ACBC1D705DD700F4A69C /* users-with-null.json in Resources */ = {isa = PBXBuildFile; fileRef = 1466ACBB1D705DD700F4A69C /* users-with-null.json */; };
		14A139B41AEFC72B00AD732F /* Tests.swift in Sources */ = {isa = PBXBuildFile; fileRef = 14A139B31AEFC72B00AD732F /* Tests.swift */; };
		14C47E0E1CD2AE5F004A48DF /* Info.plist in Resources */ = {isa = PBXBuildFile; fileRef = 14C47E0D1CD2AE5F004A48DF /* Info.plist */; };
		155918B91D85D62300EA5569 /* users-with-nil.json in Resources */ = {isa = PBXBuildFile; fileRef = 155918B81D85D62300EA5569 /* users-with-nil.json */; };
		569C054F5F309FB681A97842 /* Pods_Tests.framework in Frameworks */ = {isa = PBXBuildFile; fileRef = 7465028F558320AA856C8AA4 /* Pods_Tests.framework */; };
/* End PBXBuildFile section */

/* Begin PBXCopyFilesBuildPhase section */
		141001141CD298F200C01F60 /* CopyFiles */ = {
			isa = PBXCopyFilesBuildPhase;
			buildActionMask = 2147483647;
			dstPath = "";
			dstSubfolderSpec = 10;
			files = (
			);
			runOnlyForDeploymentPostprocessing = 0;
		};
/* End PBXCopyFilesBuildPhase section */

/* Begin PBXFileReference section */
		067088EA1DACA156FB326A04 /* Pods-Tests.debug.xcconfig */ = {isa = PBXFileReference; includeInIndex = 1; lastKnownFileType = text.xcconfig; name = "Pods-Tests.debug.xcconfig"; path = "Pods/Target Support Files/Pods-Tests/Pods-Tests.debug.xcconfig"; sourceTree = "<group>"; };
		144CDE261D47C48900C035E5 /* Model.xcdatamodel */ = {isa = PBXFileReference; lastKnownFileType = wrapper.xcdatamodel; path = Model.xcdatamodel; sourceTree = "<group>"; };
		144CDE271D47C48900C035E5 /* note.json */ = {isa = PBXFileReference; fileEncoding = 4; lastKnownFileType = text.json; path = note.json; sourceTree = "<group>"; };
		144CDE291D47C48900C035E5 /* simple.json */ = {isa = PBXFileReference; fileEncoding = 4; lastKnownFileType = text.json; path = simple.json; sourceTree = "<group>"; };
		144CDE2A1D47C48900C035E5 /* users.json */ = {isa = PBXFileReference; fileEncoding = 4; lastKnownFileType = text.json; path = users.json; sourceTree = "<group>"; };
		144CDE2B1D47C48900C035E5 /* users2.json */ = {isa = PBXFileReference; fileEncoding = 4; lastKnownFileType = text.json; path = users2.json; sourceTree = "<group>"; };
		144CDE2C1D47C48900C035E5 /* users3.json */ = {isa = PBXFileReference; fileEncoding = 4; lastKnownFileType = text.json; path = users3.json; sourceTree = "<group>"; };
		1466ACBB1D705DD700F4A69C /* users-with-null.json */ = {isa = PBXFileReference; fileEncoding = 4; lastKnownFileType = text.json; path = "users-with-null.json"; sourceTree = "<group>"; };
		146D72AC1AB782920058798C /* Tests.xctest */ = {isa = PBXFileReference; explicitFileType = wrapper.cfbundle; includeInIndex = 0; path = Tests.xctest; sourceTree = BUILT_PRODUCTS_DIR; };
		146D72B11AB782920058798C /* Info.plist */ = {isa = PBXFileReference; lastKnownFileType = text.plist.xml; path = Info.plist; sourceTree = "<group>"; };
		14A139B31AEFC72B00AD732F /* Tests.swift */ = {isa = PBXFileReference; fileEncoding = 4; lastKnownFileType = sourcecode.swift; path = Tests.swift; sourceTree = "<group>"; };
		14C0AF801BD6D4230009ECBE /* .travis.yml */ = {isa = PBXFileReference; lastKnownFileType = text; path = .travis.yml; sourceTree = "<group>"; };
		14C0AF811BD6D4230009ECBE /* CHANGELOG.md */ = {isa = PBXFileReference; lastKnownFileType = net.daringfireball.markdown; path = CHANGELOG.md; sourceTree = "<group>"; };
		14C0AF821BD6D4230009ECBE /* CONTRIBUTING.md */ = {isa = PBXFileReference; lastKnownFileType = net.daringfireball.markdown; path = CONTRIBUTING.md; sourceTree = "<group>"; };
		14C0AF831BD6D4230009ECBE /* README.md */ = {isa = PBXFileReference; lastKnownFileType = net.daringfireball.markdown; path = README.md; sourceTree = "<group>"; };
		14C47E0D1CD2AE5F004A48DF /* Info.plist */ = {isa = PBXFileReference; fileEncoding = 4; lastKnownFileType = text.plist.xml; path = Info.plist; sourceTree = "<group>"; };
		14F393951CC6512400616696 /* Package.swift */ = {isa = PBXFileReference; lastKnownFileType = sourcecode.swift; path = Package.swift; sourceTree = "<group>"; };
		14F393961CC6517E00616696 /* LICENSE.md */ = {isa = PBXFileReference; lastKnownFileType = net.daringfireball.markdown; path = LICENSE.md; sourceTree = "<group>"; };
		155918B81D85D62300EA5569 /* users-with-nil.json */ = {isa = PBXFileReference; fileEncoding = 4; lastKnownFileType = text.json; path = "users-with-nil.json"; sourceTree = "<group>"; };
		7465028F558320AA856C8AA4 /* Pods_Tests.framework */ = {isa = PBXFileReference; explicitFileType = wrapper.framework; includeInIndex = 0; path = Pods_Tests.framework; sourceTree = BUILT_PRODUCTS_DIR; };
		D92F28443795161052AB68E3 /* Pods-Tests.release.xcconfig */ = {isa = PBXFileReference; includeInIndex = 1; lastKnownFileType = text.xcconfig; name = "Pods-Tests.release.xcconfig"; path = "Pods/Target Support Files/Pods-Tests/Pods-Tests.release.xcconfig"; sourceTree = "<group>"; };
/* End PBXFileReference section */

/* Begin PBXFrameworksBuildPhase section */
		146D72A91AB782920058798C /* Frameworks */ = {
			isa = PBXFrameworksBuildPhase;
			buildActionMask = 2147483647;
			files = (
				569C054F5F309FB681A97842 /* Pods_Tests.framework in Frameworks */,
			);
			runOnlyForDeploymentPostprocessing = 0;
		};
/* End PBXFrameworksBuildPhase section */

/* Begin PBXGroup section */
		146D728A1AB782920058798C = {
			isa = PBXGroup;
			children = (
				14C136501AB7849300B7B07A /* Metadata */,
				146D72AF1AB782920058798C /* Tests */,
				146D72941AB782920058798C /* Products */,
				78FF507C998A6B4D10E3DF74 /* Pods */,
				BA33BF2C23B3E4BF46444B03 /* Frameworks */,
			);
			indentWidth = 4;
			sourceTree = "<group>";
			tabWidth = 4;
		};
		146D72941AB782920058798C /* Products */ = {
			isa = PBXGroup;
			children = (
				146D72AC1AB782920058798C /* Tests.xctest */,
			);
			name = Products;
			sourceTree = "<group>";
		};
		146D72AF1AB782920058798C /* Tests */ = {
			isa = PBXGroup;
			children = (
				144CDE251D47C48900C035E5 /* Model.xcdatamodeld */,
				144CDE271D47C48900C035E5 /* note.json */,
				144CDE291D47C48900C035E5 /* simple.json */,
				144CDE2A1D47C48900C035E5 /* users.json */,
				1466ACBB1D705DD700F4A69C /* users-with-null.json */,
				155918B81D85D62300EA5569 /* users-with-nil.json */,
				144CDE2B1D47C48900C035E5 /* users2.json */,
				144CDE2C1D47C48900C035E5 /* users3.json */,
				14A139B31AEFC72B00AD732F /* Tests.swift */,
				146D72B01AB782920058798C /* Supporting Files */,
			);
			path = Tests;
			sourceTree = "<group>";
		};
		146D72B01AB782920058798C /* Supporting Files */ = {
			isa = PBXGroup;
			children = (
				146D72B11AB782920058798C /* Info.plist */,
			);
			name = "Supporting Files";
			sourceTree = "<group>";
		};
		14C136501AB7849300B7B07A /* Metadata */ = {
			isa = PBXGroup;
			children = (
				14C47E0D1CD2AE5F004A48DF /* Info.plist */,
				14C0AF801BD6D4230009ECBE /* .travis.yml */,
				14C0AF811BD6D4230009ECBE /* CHANGELOG.md */,
				14C0AF821BD6D4230009ECBE /* CONTRIBUTING.md */,
				14F393961CC6517E00616696 /* LICENSE.md */,
				14F393951CC6512400616696 /* Package.swift */,
				14C0AF831BD6D4230009ECBE /* README.md */,
			);
			name = Metadata;
			sourceTree = "<group>";
		};
		78FF507C998A6B4D10E3DF74 /* Pods */ = {
			isa = PBXGroup;
			children = (
				067088EA1DACA156FB326A04 /* Pods-Tests.debug.xcconfig */,
				D92F28443795161052AB68E3 /* Pods-Tests.release.xcconfig */,
			);
			name = Pods;
			sourceTree = "<group>";
		};
		BA33BF2C23B3E4BF46444B03 /* Frameworks */ = {
			isa = PBXGroup;
			children = (
				7465028F558320AA856C8AA4 /* Pods_Tests.framework */,
			);
			name = Frameworks;
			sourceTree = "<group>";
		};
/* End PBXGroup section */

/* Begin PBXNativeTarget section */
		146D72AB1AB782920058798C /* Tests */ = {
			isa = PBXNativeTarget;
			buildConfigurationList = 146D72B91AB782920058798C /* Build configuration list for PBXNativeTarget "Tests" */;
			buildPhases = (
				6E86B8EE10DCCFF310DA2AFB /* [CP] Check Pods Manifest.lock */,
				146D72A81AB782920058798C /* Sources */,
				146D72A91AB782920058798C /* Frameworks */,
				146D72AA1AB782920058798C /* Resources */,
				141001141CD298F200C01F60 /* CopyFiles */,
				8EC386C4DF34A242AEE1F1F2 /* [CP] Embed Pods Frameworks */,
				40095D93E747E5BD289C1D29 /* [CP] Copy Pods Resources */,
			);
			buildRules = (
			);
			dependencies = (
			);
			name = Tests;
			productName = PodTests;
			productReference = 146D72AC1AB782920058798C /* Tests.xctest */;
			productType = "com.apple.product-type.bundle.unit-test";
		};
/* End PBXNativeTarget section */

/* Begin PBXProject section */
		146D728B1AB782920058798C /* Project object */ = {
			isa = PBXProject;
			attributes = {
				CLASSPREFIX = "";
				LastSwiftUpdateCheck = 0700;
				LastUpgradeCheck = 0700;
				ORGANIZATIONNAME = "";
				TargetAttributes = {
					146D72AB1AB782920058798C = {
						CreatedOnToolsVersion = 6.2;
					};
				};
			};
			buildConfigurationList = 146D728E1AB782920058798C /* Build configuration list for PBXProject "Demo" */;
			compatibilityVersion = "Xcode 3.2";
			developmentRegion = English;
			hasScannedForEncodings = 0;
			knownRegions = (
				en,
				Base,
			);
			mainGroup = 146D728A1AB782920058798C;
			productRefGroup = 146D72941AB782920058798C /* Products */;
			projectDirPath = "";
			projectRoot = "";
			targets = (
				146D72AB1AB782920058798C /* Tests */,
			);
		};
/* End PBXProject section */

/* Begin PBXResourcesBuildPhase section */
		146D72AA1AB782920058798C /* Resources */ = {
			isa = PBXResourcesBuildPhase;
			buildActionMask = 2147483647;
			files = (
				144CDE311D47C48900C035E5 /* users.json in Resources */,
				144CDE331D47C48900C035E5 /* users3.json in Resources */,
				144CDE321D47C48900C035E5 /* users2.json in Resources */,
				144CDE301D47C48900C035E5 /* simple.json in Resources */,
				1466ACBC1D705DD700F4A69C /* users-with-null.json in Resources */,
				14C47E0E1CD2AE5F004A48DF /* Info.plist in Resources */,
				155918B91D85D62300EA5569 /* users-with-nil.json in Resources */,
				144CDE2E1D47C48900C035E5 /* note.json in Resources */,
			);
			runOnlyForDeploymentPostprocessing = 0;
		};
/* End PBXResourcesBuildPhase section */

/* Begin PBXShellScriptBuildPhase section */
		40095D93E747E5BD289C1D29 /* [CP] Copy Pods Resources */ = {
			isa = PBXShellScriptBuildPhase;
			buildActionMask = 2147483647;
			files = (
			);
			inputPaths = (
			);
			name = "[CP] Copy Pods Resources";
			outputPaths = (
			);
			runOnlyForDeploymentPostprocessing = 0;
			shellPath = /bin/sh;
			shellScript = "\"${SRCROOT}/Pods/Target Support Files/Pods-Tests/Pods-Tests-resources.sh\"\n";
			showEnvVarsInLog = 0;
		};
		6E86B8EE10DCCFF310DA2AFB /* [CP] Check Pods Manifest.lock */ = {
			isa = PBXShellScriptBuildPhase;
			buildActionMask = 2147483647;
			files = (
			);
			inputPaths = (
			);
			name = "[CP] Check Pods Manifest.lock";
			outputPaths = (
			);
			runOnlyForDeploymentPostprocessing = 0;
			shellPath = /bin/sh;
			shellScript = "diff \"${PODS_ROOT}/../Podfile.lock\" \"${PODS_ROOT}/Manifest.lock\" > /dev/null\nif [[ $? != 0 ]] ; then\n    cat << EOM\nerror: The sandbox is not in sync with the Podfile.lock. Run 'pod install' or update your CocoaPods installation.\nEOM\n    exit 1\nfi\n";
			showEnvVarsInLog = 0;
		};
		8EC386C4DF34A242AEE1F1F2 /* [CP] Embed Pods Frameworks */ = {
			isa = PBXShellScriptBuildPhase;
			buildActionMask = 2147483647;
			files = (
			);
			inputPaths = (
			);
			name = "[CP] Embed Pods Frameworks";
			outputPaths = (
			);
			runOnlyForDeploymentPostprocessing = 0;
			shellPath = /bin/sh;
			shellScript = "\"${SRCROOT}/Pods/Target Support Files/Pods-Tests/Pods-Tests-frameworks.sh\"\n";
			showEnvVarsInLog = 0;
		};
/* End PBXShellScriptBuildPhase section */

/* Begin PBXSourcesBuildPhase section */
		146D72A81AB782920058798C /* Sources */ = {
			isa = PBXSourcesBuildPhase;
			buildActionMask = 2147483647;
			files = (
				14A139B41AEFC72B00AD732F /* Tests.swift in Sources */,
				144CDE2D1D47C48900C035E5 /* Model.xcdatamodeld in Sources */,
			);
			runOnlyForDeploymentPostprocessing = 0;
		};
/* End PBXSourcesBuildPhase section */

/* Begin XCBuildConfiguration section */
		146D72B41AB782920058798C /* Debug */ = {
			isa = XCBuildConfiguration;
			buildSettings = {
				ALWAYS_SEARCH_USER_PATHS = NO;
				CLANG_CXX_LANGUAGE_STANDARD = "gnu++0x";
				CLANG_CXX_LIBRARY = "libc++";
				CLANG_ENABLE_MODULES = YES;
				CLANG_ENABLE_OBJC_ARC = YES;
				CLANG_WARN_BOOL_CONVERSION = YES;
				CLANG_WARN_CONSTANT_CONVERSION = YES;
				CLANG_WARN_DIRECT_OBJC_ISA_USAGE = YES_ERROR;
				CLANG_WARN_EMPTY_BODY = YES;
				CLANG_WARN_ENUM_CONVERSION = YES;
				CLANG_WARN_INT_CONVERSION = YES;
				CLANG_WARN_OBJC_ROOT_CLASS = YES_ERROR;
				CLANG_WARN_UNREACHABLE_CODE = YES;
				CLANG_WARN__DUPLICATE_METHOD_MATCH = YES;
				"CODE_SIGN_IDENTITY[sdk=iphoneos*]" = "iPhone Developer";
				COPY_PHASE_STRIP = NO;
				ENABLE_STRICT_OBJC_MSGSEND = YES;
				ENABLE_TESTABILITY = YES;
				GCC_C_LANGUAGE_STANDARD = gnu99;
				GCC_DYNAMIC_NO_PIC = NO;
				GCC_OPTIMIZATION_LEVEL = 0;
				GCC_PREPROCESSOR_DEFINITIONS = (
					"DEBUG=1",
					"$(inherited)",
				);
				GCC_SYMBOLS_PRIVATE_EXTERN = NO;
				GCC_WARN_64_TO_32_BIT_CONVERSION = YES;
				GCC_WARN_ABOUT_RETURN_TYPE = YES_ERROR;
				GCC_WARN_UNDECLARED_SELECTOR = YES;
				GCC_WARN_UNINITIALIZED_AUTOS = YES_AGGRESSIVE;
				GCC_WARN_UNUSED_FUNCTION = YES;
				GCC_WARN_UNUSED_VARIABLE = YES;
				IPHONEOS_DEPLOYMENT_TARGET = 8.0;
				MTL_ENABLE_DEBUG_INFO = YES;
				ONLY_ACTIVE_ARCH = YES;
				SDKROOT = iphoneos;
			};
			name = Debug;
		};
		146D72B51AB782920058798C /* Release */ = {
			isa = XCBuildConfiguration;
			buildSettings = {
				ALWAYS_SEARCH_USER_PATHS = NO;
				CLANG_CXX_LANGUAGE_STANDARD = "gnu++0x";
				CLANG_CXX_LIBRARY = "libc++";
				CLANG_ENABLE_MODULES = YES;
				CLANG_ENABLE_OBJC_ARC = YES;
				CLANG_WARN_BOOL_CONVERSION = YES;
				CLANG_WARN_CONSTANT_CONVERSION = YES;
				CLANG_WARN_DIRECT_OBJC_ISA_USAGE = YES_ERROR;
				CLANG_WARN_EMPTY_BODY = YES;
				CLANG_WARN_ENUM_CONVERSION = YES;
				CLANG_WARN_INT_CONVERSION = YES;
				CLANG_WARN_OBJC_ROOT_CLASS = YES_ERROR;
				CLANG_WARN_UNREACHABLE_CODE = YES;
				CLANG_WARN__DUPLICATE_METHOD_MATCH = YES;
				"CODE_SIGN_IDENTITY[sdk=iphoneos*]" = "iPhone Developer";
				COPY_PHASE_STRIP = NO;
				ENABLE_NS_ASSERTIONS = NO;
				ENABLE_STRICT_OBJC_MSGSEND = YES;
				GCC_C_LANGUAGE_STANDARD = gnu99;
				GCC_WARN_64_TO_32_BIT_CONVERSION = YES;
				GCC_WARN_ABOUT_RETURN_TYPE = YES_ERROR;
				GCC_WARN_UNDECLARED_SELECTOR = YES;
				GCC_WARN_UNINITIALIZED_AUTOS = YES_AGGRESSIVE;
				GCC_WARN_UNUSED_FUNCTION = YES;
				GCC_WARN_UNUSED_VARIABLE = YES;
				IPHONEOS_DEPLOYMENT_TARGET = 8.0;
				MTL_ENABLE_DEBUG_INFO = NO;
				SDKROOT = iphoneos;
				VALIDATE_PRODUCT = YES;
			};
			name = Release;
		};
		146D72BA1AB782920058798C /* Debug */ = {
			isa = XCBuildConfiguration;
			baseConfigurationReference = 067088EA1DACA156FB326A04 /* Pods-Tests.debug.xcconfig */;
			buildSettings = {
				CLANG_ENABLE_MODULES = YES;
				FRAMEWORK_SEARCH_PATHS = "$(inherited)";
				GCC_PREPROCESSOR_DEFINITIONS = (
					"DEBUG=1",
					"$(inherited)",
				);
				INFOPLIST_FILE = Tests/Info.plist;
				LD_RUNPATH_SEARCH_PATHS = "$(inherited) @executable_path/Frameworks @loader_path/Frameworks";
				PRODUCT_BUNDLE_IDENTIFIER = "com.sample.$(PRODUCT_NAME:rfc1034identifier)";
				PRODUCT_NAME = "$(TARGET_NAME)";
				SWIFT_OPTIMIZATION_LEVEL = "-Onone";
			};
			name = Debug;
		};
		146D72BB1AB782920058798C /* Release */ = {
			isa = XCBuildConfiguration;
			baseConfigurationReference = D92F28443795161052AB68E3 /* Pods-Tests.release.xcconfig */;
			buildSettings = {
				CLANG_ENABLE_MODULES = YES;
				FRAMEWORK_SEARCH_PATHS = "$(inherited)";
				INFOPLIST_FILE = Tests/Info.plist;
				LD_RUNPATH_SEARCH_PATHS = "$(inherited) @executable_path/Frameworks @loader_path/Frameworks";
				PRODUCT_BUNDLE_IDENTIFIER = "com.sample.$(PRODUCT_NAME:rfc1034identifier)";
				PRODUCT_NAME = "$(TARGET_NAME)";
			};
			name = Release;
		};
/* End XCBuildConfiguration section */

/* Begin XCConfigurationList section */
		146D728E1AB782920058798C /* Build configuration list for PBXProject "Demo" */ = {
			isa = XCConfigurationList;
			buildConfigurations = (
				146D72B41AB782920058798C /* Debug */,
				146D72B51AB782920058798C /* Release */,
			);
			defaultConfigurationIsVisible = 0;
			defaultConfigurationName = Release;
		};
		146D72B91AB782920058798C /* Build configuration list for PBXNativeTarget "Tests" */ = {
			isa = XCConfigurationList;
			buildConfigurations = (
				146D72BA1AB782920058798C /* Debug */,
				146D72BB1AB782920058798C /* Release */,
			);
			defaultConfigurationIsVisible = 0;
			defaultConfigurationName = Release;
		};
/* End XCConfigurationList section */

/* Begin XCVersionGroup section */
		144CDE251D47C48900C035E5 /* Model.xcdatamodeld */ = {
			isa = XCVersionGroup;
			children = (
				144CDE261D47C48900C035E5 /* Model.xcdatamodel */,
			);
			currentVersion = 144CDE261D47C48900C035E5 /* Model.xcdatamodel */;
			path = Model.xcdatamodeld;
			sourceTree = "<group>";
			versionGroupType = wrapper.xcdatamodel;
		};
/* End XCVersionGroup section */
	};
	rootObject = 146D728B1AB782920058798C /* Project object */;
}
